{
  "version": 4,
  "terraform_version": "1.10.4",
  "serial": 14,
  "lineage": "512caaf3-8d73-41f9-a490-d6e9af6c5244",
  "outputs": {
    "instance_public_ip": {
      "value": "54.84.228.13",
      "type": "string"
    }
  },
  "resources": [
    {
      "mode": "managed",
      "type": "aws_eks_cluster",
      "name": "flask_eks",
      "provider": "provider[\"registry.terraform.io/hashicorp/aws\"]",
      "instances": [
        {
          "schema_version": 1,
          "attributes": {
            "access_config": [
              {
                "authentication_mode": "CONFIG_MAP",
                "bootstrap_cluster_creator_admin_permissions": true
              }
            ],
            "arn": "arn:aws:eks:us-east-1:794038224972:cluster/flask-cluster",
            "bootstrap_self_managed_addons": true,
            "certificate_authority": [
              {
                "data": "LS0tLS1CRUdJTiBDRVJUSUZJQ0FURS0tLS0tCk1JSURCVENDQWUyZ0F3SUJBZ0lJS0twSSsxejBsZkl3RFFZSktvWklodmNOQVFFTEJRQXdGVEVUTUJFR0ExVUUKQXhNS2EzVmlaWEp1WlhSbGN6QWVGdzB5TlRBeE1qRXlNakV3TXpsYUZ3MHpOVEF4TVRreU1qRTFNemxhTUJVeApFekFSQmdOVkJBTVRDbXQxWW1WeWJtVjBaWE13Z2dFaU1BMEdDU3FHU0liM0RRRUJBUVVBQTRJQkR3QXdnZ0VLCkFvSUJBUURDdlc4ZmVvYVNnVG1pYkV2UE9XVFdFSXR0UzlHMi9ob3JZSUF4eFdoNVNUOC9NYVYrZmhtanNpaE4KeDdEZnVvemRoOFE1dzllUUlXRWRlUncxeGVaTE9UM0R0NkUvRXFNUUpVSkM4SXdYVHRHWTlwdFdsK3VJVHhuYgpPOUlwK1V2WGZkU2hoZlp3VDM1amZYa0g0b0lCb1p5MVpDRk1tZ2FoamVqTGIrZHB0N2tkcDFHaXBzSUZUSkpvCnhYRnpnazVJSTRIdUM4Qm56ZnVXekdueThNaCsrMTlhd3RZN3RJOTh3NlhNdkE3bk5relVPeE50YXhOY2VRcTEKNFZqS3gyYmJpSTZqcVYvNTRtZ3ZNSEd0cTVWU0xtZUE3UU1tZmVDNDFKTlA0YnF6MWZrVUxyQ2pET1E3WWxkUQpKMWFpeTZ4anQ5TkxjOExLSmRFTk9tUTRqamhkQWdNQkFBR2pXVEJYTUE0R0ExVWREd0VCL3dRRUF3SUNwREFQCkJnTlZIUk1CQWY4RUJUQURBUUgvTUIwR0ExVWREZ1FXQkJTdUl1aWs2dzJuY2JLcUJSeTlMeUx6RktrTFVUQVYKQmdOVkhSRUVEakFNZ2dwcmRXSmxjbTVsZEdWek1BMEdDU3FHU0liM0RRRUJDd1VBQTRJQkFRQnpLR1RsN3FnYwpKMVVSd0RlcUpHMGt6elRmUFFVMGxNVElMYmVJSitpVlBpZjhMbXZESUN3OWs4ditmbzhiMVp5VWQ3ZktTVkxyCjNoTXEybXhEc0p1MlJRTVozU1Vua0M3dHYzZk9vYVptVDV4QXJUaHAwK1JUM0tOTkZuOERSbU1CVFNyWUpCS3YKaURNY0o3U1Z3MUdVTE1sVVo0MGFtSjlEVUJrcXFFMk0ybGJlV09pSmZYVzhrb3hCR1Q4MTRSU1k5RWNQb1h3NQpuSXo3d3B2QUZPVW9oZGJGRUgwRExzUzJTYnJLSDFnV01yanBDbFN0RFJBQWE5RmFQR0JyV1gybk85SXg0dkJ2CmZ2a2k5Umxua0RzM0I2N0V1R3F0ZlVXNVJ5VjE5OUcyOXJaZ2hWN0tWaUdJRXIrRm9IZ0k4aXdXVFFhRloyWDMKM3ZudU5qaWRrQ0NTCi0tLS0tRU5EIENFUlRJRklDQVRFLS0tLS0K"
              }
            ],
            "cluster_id": null,
            "compute_config": [],
            "created_at": "2025-01-21T22:11:47Z",
            "enabled_cluster_log_types": null,
            "encryption_config": [],
            "endpoint": "https://4A9ADA1D42F51493A36641D628443FE9.gr7.us-east-1.eks.amazonaws.com",
            "id": "flask-cluster",
            "identity": [
              {
                "oidc": [
                  {
                    "issuer": "https://oidc.eks.us-east-1.amazonaws.com/id/4A9ADA1D42F51493A36641D628443FE9"
                  }
                ]
              }
            ],
            "kubernetes_network_config": [
              {
                "elastic_load_balancing": [
                  {
                    "enabled": false
                  }
                ],
                "ip_family": "ipv4",
                "service_ipv4_cidr": "10.100.0.0/16",
                "service_ipv6_cidr": ""
              }
            ],
            "name": "flask-cluster",
            "outpost_config": [],
            "platform_version": "eks.17",
            "remote_network_config": [],
            "role_arn": "arn:aws:iam::794038224972:role/EKS-Cluster-Role",
            "status": "ACTIVE",
            "storage_config": [],
            "tags": null,
            "tags_all": {},
            "timeouts": null,
            "upgrade_policy": [
              {
                "support_type": "EXTENDED"
              }
            ],
            "version": "1.31",
            "vpc_config": [
              {
                "cluster_security_group_id": "sg-056449ce766aa1989",
                "endpoint_private_access": false,
                "endpoint_public_access": true,
                "public_access_cidrs": [
                  "0.0.0.0/0"
                ],
                "security_group_ids": null,
                "subnet_ids": [
                  "subnet-03bf7a623762ae307",
                  "subnet-04acd3445f59046ff"
                ],
                "vpc_id": "vpc-0cfae5c43766621ce"
              }
            ],
            "zonal_shift_config": []
          },
          "sensitive_attributes": [],
          "private": "eyJlMmJmYjczMC1lY2FhLTExZTYtOGY4OC0zNDM2M2JjN2M0YzAiOnsiY3JlYXRlIjoxODAwMDAwMDAwMDAwLCJkZWxldGUiOjkwMDAwMDAwMDAwMCwidXBkYXRlIjozNjAwMDAwMDAwMDAwfSwic2NoZW1hX3ZlcnNpb24iOiIxIn0=",
          "dependencies": [
            "aws_iam_role.eks_cluster_role"
          ]
        }
      ]
    },
    {
      "mode": "managed",
      "type": "aws_iam_instance_profile",
      "name": "eks_instance_profile",
      "provider": "provider[\"registry.terraform.io/hashicorp/aws\"]",
      "instances": [
        {
          "schema_version": 0,
          "attributes": {
            "arn": "arn:aws:iam::794038224972:instance-profile/eks_instance_profile",
            "create_date": "2025-01-21T20:01:16Z",
            "id": "eks_instance_profile",
            "name": "eks_instance_profile",
            "name_prefix": "",
            "path": "/",
            "role": "EKS-Instance-Role",
            "tags": {},
            "tags_all": {},
            "unique_id": "AIPA3RYC5ZBGNZMB6M3IE"
          },
          "sensitive_attributes": [],
          "private": "bnVsbA==",
          "dependencies": [
            "aws_iam_role.eks_instance_role"
          ]
        }
      ]
    },
    {
      "mode": "managed",
      "type": "aws_iam_role",
      "name": "eks_cluster_role",
      "provider": "provider[\"registry.terraform.io/hashicorp/aws\"]",
      "instances": [
        {
          "schema_version": 0,
          "attributes": {
            "arn": "arn:aws:iam::794038224972:role/EKS-Cluster-Role",
            "assume_role_policy": "{\"Statement\":[{\"Action\":\"sts:AssumeRole\",\"Effect\":\"Allow\",\"Principal\":{\"Service\":\"eks.amazonaws.com\"}}],\"Version\":\"2012-10-17\"}",
            "create_date": "2025-01-21T20:01:15Z",
            "description": "",
            "force_detach_policies": false,
            "id": "EKS-Cluster-Role",
            "inline_policy": [],
            "managed_policy_arns": [],
            "max_session_duration": 3600,
            "name": "EKS-Cluster-Role",
            "name_prefix": "",
            "path": "/",
            "permissions_boundary": "",
            "tags": {},
            "tags_all": {},
            "unique_id": "AROA3RYC5ZBGORSEOYALI"
          },
          "sensitive_attributes": [],
          "private": "bnVsbA=="
        }
      ]
    },
    {
      "mode": "managed",
      "type": "aws_iam_role",
      "name": "eks_instance_role",
      "provider": "provider[\"registry.terraform.io/hashicorp/aws\"]",
      "instances": [
        {
          "schema_version": 0,
          "attributes": {
            "arn": "arn:aws:iam::794038224972:role/EKS-Instance-Role",
            "assume_role_policy": "{\"Statement\":[{\"Action\":\"sts:AssumeRole\",\"Effect\":\"Allow\",\"Principal\":{\"Service\":\"ec2.amazonaws.com\"}}],\"Version\":\"2012-10-17\"}",
            "create_date": "2025-01-21T20:01:15Z",
            "description": "",
            "force_detach_policies": false,
            "id": "EKS-Instance-Role",
            "inline_policy": [],
            "managed_policy_arns": [],
            "max_session_duration": 3600,
            "name": "EKS-Instance-Role",
            "name_prefix": "",
            "path": "/",
            "permissions_boundary": "",
            "tags": {},
            "tags_all": {},
            "unique_id": "AROA3RYC5ZBGIASZP2LRD"
          },
          "sensitive_attributes": [],
          "private": "bnVsbA=="
        }
      ]
    },
    {
      "mode": "managed",
      "type": "aws_instance",
      "name": "my_ec2",
      "provider": "provider[\"registry.terraform.io/hashicorp/aws\"]",
      "instances": [
        {
          "schema_version": 1,
          "attributes": {
            "ami": "ami-04b4f1a9cf54c11d0",
            "arn": "arn:aws:ec2:us-east-1:794038224972:instance/i-048cb2a5f356f0ed8",
            "associate_public_ip_address": true,
            "availability_zone": "us-east-1a",
            "capacity_reservation_specification": [
              {
                "capacity_reservation_preference": "open",
                "capacity_reservation_target": []
              }
            ],
            "cpu_core_count": 1,
            "cpu_options": [
              {
                "amd_sev_snp": "",
                "core_count": 1,
                "threads_per_core": 2
              }
            ],
            "cpu_threads_per_core": 2,
            "credit_specification": [
              {
                "cpu_credits": "unlimited"
              }
            ],
            "disable_api_stop": false,
            "disable_api_termination": false,
            "ebs_block_device": [
              {
                "delete_on_termination": true,
                "device_name": "/dev/sda1",
                "encrypted": false,
                "iops": 100,
                "kms_key_id": "",
                "snapshot_id": "",
                "tags": {},
                "tags_all": {},
                "throughput": 0,
                "volume_id": "vol-09cf0c2532abfaf2e",
                "volume_size": 8,
                "volume_type": "gp2"
              }
            ],
            "ebs_optimized": false,
            "enable_primary_ipv6": null,
            "enclave_options": [
              {
                "enabled": false
              }
            ],
            "ephemeral_block_device": [],
            "get_password_data": false,
            "hibernation": false,
            "host_id": "",
            "host_resource_group_arn": null,
            "iam_instance_profile": "eks_instance_profile",
            "id": "i-048cb2a5f356f0ed8",
            "instance_initiated_shutdown_behavior": "stop",
            "instance_lifecycle": "",
            "instance_market_options": [],
            "instance_state": "running",
            "instance_type": "t3.micro",
            "ipv6_address_count": 0,
            "ipv6_addresses": [],
            "key_name": "terraform",
            "launch_template": [],
            "maintenance_options": [
              {
                "auto_recovery": "default"
              }
            ],
            "metadata_options": [
              {
                "http_endpoint": "enabled",
                "http_protocol_ipv6": "disabled",
                "http_put_response_hop_limit": 2,
                "http_tokens": "required",
                "instance_metadata_tags": "disabled"
              }
            ],
            "monitoring": false,
            "network_interface": [],
            "outpost_arn": "",
            "password_data": "",
            "placement_group": "",
            "placement_partition_number": 0,
            "primary_network_interface_id": "eni-05b1162b4cefa4ec7",
            "private_dns": "ip-172-31-86-58.ec2.internal",
            "private_dns_name_options": [
              {
                "enable_resource_name_dns_a_record": false,
                "enable_resource_name_dns_aaaa_record": false,
                "hostname_type": "ip-name"
              }
            ],
            "private_ip": "172.31.86.58",
            "public_dns": "ec2-54-84-228-13.compute-1.amazonaws.com",
            "public_ip": "54.84.228.13",
            "root_block_device": [
              {
                "delete_on_termination": true,
                "device_name": "/dev/sda1",
                "encrypted": false,
                "iops": 100,
                "kms_key_id": "",
                "tags": {},
                "tags_all": {},
                "throughput": 0,
                "volume_id": "vol-09cf0c2532abfaf2e",
                "volume_size": 8,
                "volume_type": "gp2"
              }
            ],
            "secondary_private_ips": [],
            "security_groups": [
              "default"
            ],
            "source_dest_check": true,
            "spot_instance_request_id": "",
            "subnet_id": "subnet-0da6f48a24ce42aa0",
            "tags": {
              "Name": "MyEC2Instance"
            },
            "tags_all": {
              "Name": "MyEC2Instance"
            },
            "tenancy": "default",
            "timeouts": null,
            "user_data": null,
            "user_data_base64": null,
            "user_data_replace_on_change": false,
            "volume_tags": null,
            "vpc_security_group_ids": [
              "sg-0231cd01a0b1836ec"
            ]
          },
          "sensitive_attributes": [],
          "private": "eyJlMmJmYjczMC1lY2FhLTExZTYtOGY4OC0zNDM2M2JjN2M0YzAiOnsiY3JlYXRlIjo2MDAwMDAwMDAwMDAsImRlbGV0ZSI6MTIwMDAwMDAwMDAwMCwicmVhZCI6OTAwMDAwMDAwMDAwLCJ1cGRhdGUiOjYwMDAwMDAwMDAwMH0sInNjaGVtYV92ZXJzaW9uIjoiMSJ9",
          "dependencies": [
            "aws_iam_instance_profile.eks_instance_profile",
            "aws_iam_role.eks_instance_role"
          ]
        }
      ]
    }
  ],
  "check_results": null
}
